
Microsoft Visual Studio Solution File, Format Version 12.00
# Visual Studio Version 17
VisualStudioVersion = 17.14.36221.1 d17.14
MinimumVisualStudioVersion = 10.0.40219.1
Project("{FAE04EC0-301F-11D3-BF4B-00C04F79EFBC}") = "Registration Form", "Registration Form.csproj", "{C4A5E601-A05B-4B24-BF51-DE03225388A9}"
EndProject
Global
	GlobalSection(SolutionConfigurationPlatforms) = preSolution
		Debug|Any CPU = Debug|Any CPU
		Release|Any CPU = Release|Any CPU
	EndGlobalSection
	GlobalSection(ProjectConfigurationPlatforms) = postSolution
		{C4A5E601-A05B-4B24-BF51-DE03225388A9}.Debug|Any CPU.ActiveCfg = Debug|Any CPU
		{C4A5E601-A05B-4B24-BF51-DE03225388A9}.Debug|Any CPU.Build.0 = Debug|Any CPU
		{C4A5E601-A05B-4B24-BF51-DE03225388A9}.Release|Any CPU.ActiveCfg = Release|Any CPU
		{C4A5E601-A05B-4B24-BF51-DE03225388A9}.Release|Any CPU.Build.0 = Release|Any CPU
	EndGlobalSection
	GlobalSection(SolutionProperties) = preSolution
		HideSolutionNode = FALSE
	EndGlobalSection
	GlobalSection(ExtensibilityGlobals) = postSolution
		SolutionGuid = {31F637E1-9F83-40E3-90F9-D40494C797C2}
	EndGlobalSection
EndGlobal
